# THIS IS AN AUTOGENERATED FILE. DO NOT EDIT THIS FILE DIRECTLY.
# yarn lockfile v1


lottie-react@^2.4.1:
  version "2.4.1"
  resolved "https://registry.npmjs.org/lottie-react/-/lottie-react-2.4.1.tgz"
  integrity sha512-LQrH7jlkigIIv++wIyrOYFLHSKQpEY4zehPicL9bQsrt1rnoKRYCYgpCUe5maqylNtacy58/sQDZTkwMcTRxZw==
  dependencies:
    lottie-web "^5.10.2"

lottie-web@^5.10.2:
  version "5.12.2"
  resolved "https://registry.npmjs.org/lottie-web/-/lottie-web-5.12.2.tgz"
  integrity sha512-uvhvYPC8kGPjXT3MyKMrL3JitEAmDMp30lVkuq/590Mw9ok6pWcFCwXJveo0t5uqYw1UREQHofD+jVpdjBv8wg==
